// !$*UTF8*$!
{
	archiveVersion = 1;
	classes = {
	};
	objectVersion = 56;
	objects = {

/* Begin PBXBuildFile section */
		CE735D7B298D423C00EB6360 /* ChatAppApp.swift in Sources */ = {isa = PBXBuildFile; fileRef = CE735D7A298D423C00EB6360 /* ChatAppApp.swift */; };
		CE735D7D298D423C00EB6360 /* ContentView.swift in Sources */ = {isa = PBXBuildFile; fileRef = CE735D7C298D423C00EB6360 /* ContentView.swift */; };
		CE735D7F298D423D00EB6360 /* Assets.xcassets in Resources */ = {isa = PBXBuildFile; fileRef = CE735D7E298D423D00EB6360 /* Assets.xcassets */; };
		CE735D82298D423D00EB6360 /* Preview Assets.xcassets in Resources */ = {isa = PBXBuildFile; fileRef = CE735D81298D423D00EB6360 /* Preview Assets.xcassets */; };
		CE735D8C298D451D00EB6360 /* TitleRow.swift in Sources */ = {isa = PBXBuildFile; fileRef = CE735D8B298D451D00EB6360 /* TitleRow.swift */; };
		CE735D8E298D4C4800EB6360 /* Message.swift in Sources */ = {isa = PBXBuildFile; fileRef = CE735D8D298D4C4800EB6360 /* Message.swift */; };
		CE735D90298D90E100EB6360 /* MessageBubble.swift in Sources */ = {isa = PBXBuildFile; fileRef = CE735D8F298D90E100EB6360 /* MessageBubble.swift */; };
		CE735D92298D9DDB00EB6360 /* Extensions.swift in Sources */ = {isa = PBXBuildFile; fileRef = CE735D91298D9DDB00EB6360 /* Extensions.swift */; };
		CE735D94298DA09B00EB6360 /* MessageField.swift in Sources */ = {isa = PBXBuildFile; fileRef = CE735D93298DA09B00EB6360 /* MessageField.swift */; };
		CE735D9629913F9500EB6360 /* GoogleService-Info.plist in Resources */ = {isa = PBXBuildFile; fileRef = CE735D9529913F9500EB6360 /* GoogleService-Info.plist */; };
		CE735D992991431000EB6360 /* FirebaseFirestore in Frameworks */ = {isa = PBXBuildFile; productRef = CE735D982991431000EB6360 /* FirebaseFirestore */; };
		CE735D9B2991431000EB6360 /* FirebaseFirestoreSwift in Frameworks */ = {isa = PBXBuildFile; productRef = CE735D9A2991431000EB6360 /* FirebaseFirestoreSwift */; };
		CE735D9D29914D2600EB6360 /* MessagesManager.swift in Sources */ = {isa = PBXBuildFile; fileRef = CE735D9C29914D2600EB6360 /* MessagesManager.swift */; };
/* End PBXBuildFile section */

/* Begin PBXFileReference section */
		CE735D77298D423C00EB6360 /* ChatApp.app */ = {isa = PBXFileReference; explicitFileType = wrapper.application; includeInIndex = 0; path = ChatApp.app; sourceTree = BUILT_PRODUCTS_DIR; };
		CE735D7A298D423C00EB6360 /* ChatAppApp.swift */ = {isa = PBXFileReference; lastKnownFileType = sourcecode.swift; path = ChatAppApp.swift; sourceTree = "<group>"; };
		CE735D7C298D423C00EB6360 /* ContentView.swift */ = {isa = PBXFileReference; lastKnownFileType = sourcecode.swift; path = ContentView.swift; sourceTree = "<group>"; };
		CE735D7E298D423D00EB6360 /* Assets.xcassets */ = {isa = PBXFileReference; lastKnownFileType = folder.assetcatalog; path = Assets.xcassets; sourceTree = "<group>"; };
		CE735D81298D423D00EB6360 /* Preview Assets.xcassets */ = {isa = PBXFileReference; lastKnownFileType = folder.assetcatalog; path = "Preview Assets.xcassets"; sourceTree = "<group>"; };
		CE735D8B298D451D00EB6360 /* TitleRow.swift */ = {isa = PBXFileReference; lastKnownFileType = sourcecode.swift; path = TitleRow.swift; sourceTree = "<group>"; };
		CE735D8D298D4C4800EB6360 /* Message.swift */ = {isa = PBXFileReference; lastKnownFileType = sourcecode.swift; path = Message.swift; sourceTree = "<group>"; };
		CE735D8F298D90E100EB6360 /* MessageBubble.swift */ = {isa = PBXFileReference; lastKnownFileType = sourcecode.swift; path = MessageBubble.swift; sourceTree = "<group>"; };
		CE735D91298D9DDB00EB6360 /* Extensions.swift */ = {isa = PBXFileReference; lastKnownFileType = sourcecode.swift; path = Extensions.swift; sourceTree = "<group>"; };
		CE735D93298DA09B00EB6360 /* MessageField.swift */ = {isa = PBXFileReference; lastKnownFileType = sourcecode.swift; path = MessageField.swift; sourceTree = "<group>"; };
		CE735D9529913F9500EB6360 /* GoogleService-Info.plist */ = {isa = PBXFileReference; fileEncoding = 4; lastKnownFileType = text.plist.xml; path = "GoogleService-Info.plist"; sourceTree = "<group>"; };
		CE735D9C29914D2600EB6360 /* MessagesManager.swift */ = {isa = PBXFileReference; lastKnownFileType = sourcecode.swift; path = MessagesManager.swift; sourceTree = "<group>"; };
/* End PBXFileReference section */

/* Begin PBXFrameworksBuildPhase section */
		CE735D74298D423C00EB6360 /* Frameworks */ = {
			isa = PBXFrameworksBuildPhase;
			buildActionMask = 2147483647;
			files = (
				CE735D992991431000EB6360 /* FirebaseFirestore in Frameworks */,
				CE735D9B2991431000EB6360 /* FirebaseFirestoreSwift in Frameworks */,
			);
			runOnlyForDeploymentPostprocessing = 0;
		};
/* End PBXFrameworksBuildPhase section */

/* Begin PBXGroup section */
		CE735D6E298D423C00EB6360 = {
			isa = PBXGroup;
			children = (
				CE735D79298D423C00EB6360 /* ChatApp */,
				CE735D78298D423C00EB6360 /* Products */,
			);
			sourceTree = "<group>";
		};
		CE735D78298D423C00EB6360 /* Products */ = {
			isa = PBXGroup;
			children = (
				CE735D77298D423C00EB6360 /* ChatApp.app */,
			);
			name = Products;
			sourceTree = "<group>";
		};
		CE735D79298D423C00EB6360 /* ChatApp */ = {
			isa = PBXGroup;
			children = (
				CE735D9529913F9500EB6360 /* GoogleService-Info.plist */,
				CE735D7A298D423C00EB6360 /* ChatAppApp.swift */,
				CE735D88298D44BD00EB6360 /* Model */,
				CE735D89298D44CF00EB6360 /* View */,
				CE735D8A298D44E000EB6360 /* Controller */,
				CE735D7E298D423D00EB6360 /* Assets.xcassets */,
				CE735D80298D423D00EB6360 /* Preview Content */,
			);
			path = ChatApp;
			sourceTree = "<group>";
		};
		CE735D80298D423D00EB6360 /* Preview Content */ = {
			isa = PBXGroup;
			children = (
				CE735D81298D423D00EB6360 /* Preview Assets.xcassets */,
			);
			path = "Preview Content";
			sourceTree = "<group>";
		};
		CE735D88298D44BD00EB6360 /* Model */ = {
			isa = PBXGroup;
			children = (
				CE735D8D298D4C4800EB6360 /* Message.swift */,
				CE735D91298D9DDB00EB6360 /* Extensions.swift */,
				CE735D9C29914D2600EB6360 /* MessagesManager.swift */,
			);
			path = Model;
			sourceTree = "<group>";
		};
		CE735D89298D44CF00EB6360 /* View */ = {
			isa = PBXGroup;
			children = (
				CE735D8B298D451D00EB6360 /* TitleRow.swift */,
				CE735D8F298D90E100EB6360 /* MessageBubble.swift */,
				CE735D93298DA09B00EB6360 /* MessageField.swift */,
			);
			path = View;
			sourceTree = "<group>";
		};
		CE735D8A298D44E000EB6360 /* Controller */ = {
			isa = PBXGroup;
			children = (
				CE735D7C298D423C00EB6360 /* ContentView.swift */,
			);
			path = Controller;
			sourceTree = "<group>";
		};
/* End PBXGroup section */

/* Begin PBXNativeTarget section */
		CE735D76298D423C00EB6360 /* ChatApp */ = {
			isa = PBXNativeTarget;
			buildConfigurationList = CE735D85298D423D00EB6360 /* Build configuration list for PBXNativeTarget "ChatApp" */;
			buildPhases = (
				CE735D73298D423C00EB6360 /* Sources */,
				CE735D74298D423C00EB6360 /* Frameworks */,
				CE735D75298D423C00EB6360 /* Resources */,
			);
			buildRules = (
			);
			dependencies = (
			);
			name = ChatApp;
			packageProductDependencies = (
				CE735D982991431000EB6360 /* FirebaseFirestore */,
				CE735D9A2991431000EB6360 /* FirebaseFirestoreSwift */,
			);
			productName = ChatApp;
			productReference = CE735D77298D423C00EB6360 /* ChatApp.app */;
			productType = "com.apple.product-type.application";
		};
/* End PBXNativeTarget section */

/* Begin PBXProject section */
		CE735D6F298D423C00EB6360 /* Project object */ = {
			isa = PBXProject;
			attributes = {
				BuildIndependentTargetsInParallel = 1;
				LastSwiftUpdateCheck = 1420;
				LastUpgradeCheck = 1420;
				TargetAttributes = {
					CE735D76298D423C00EB6360 = {
						CreatedOnToolsVersion = 14.2;
					};
				};
			};
			buildConfigurationList = CE735D72298D423C00EB6360 /* Build configuration list for PBXProject "ChatApp" */;
			compatibilityVersion = "Xcode 14.0";
			developmentRegion = en;
			hasScannedForEncodings = 0;
			knownRegions = (
				en,
				Base,
			);
			mainGroup = CE735D6E298D423C00EB6360;
			packageReferences = (
				CE735D972991431000EB6360 /* XCRemoteSwiftPackageReference "firebase-ios-sdk" */,
			);
			productRefGroup = CE735D78298D423C00EB6360 /* Products */;
			projectDirPath = "";
			projectRoot = "";
			targets = (
				CE735D76298D423C00EB6360 /* ChatApp */,
			);
		};
/* End PBXProject section */

/* Begin PBXResourcesBuildPhase section */
		CE735D75298D423C00EB6360 /* Resources */ = {
			isa = PBXResourcesBuildPhase;
			buildActionMask = 2147483647;
			files = (
				CE735D82298D423D00EB6360 /* Preview Assets.xcassets in Resources */,
				CE735D7F298D423D00EB6360 /* Assets.xcassets in Resources */,
				CE735D9629913F9500EB6360 /* GoogleService-Info.plist in Resources */,
			);
			runOnlyForDeploymentPostprocessing = 0;
		};
/* End PBXResourcesBuildPhase section */

/* Begin PBXSourcesBuildPhase section */
		CE735D73298D423C00EB6360 /* Sources */ = {
			isa = PBXSourcesBuildPhase;
			buildActionMask = 2147483647;
			files = (
				CE735D7D298D423C00EB6360 /* ContentView.swift in Sources */,
				CE735D92298D9DDB00EB6360 /* Extensions.swift in Sources */,
				CE735D8E298D4C4800EB6360 /* Message.swift in Sources */,
				CE735D9D29914D2600EB6360 /* MessagesManager.swift in Sources */,
				CE735D94298DA09B00EB6360 /* MessageField.swift in Sources */,
				CE735D90298D90E100EB6360 /* MessageBubble.swift in Sources */,
				CE735D7B298D423C00EB6360 /* ChatAppApp.swift in Sources */,
				CE735D8C298D451D00EB6360 /* TitleRow.swift in Sources */,
			);
			runOnlyForDeploymentPostprocessing = 0;
		};
/* End PBXSourcesBuildPhase section */

/* Begin XCBuildConfiguration section */
		CE735D83298D423D00EB6360 /* Debug */ = {
			isa = XCBuildConfiguration;
			buildSettings = {
				ALWAYS_SEARCH_USER_PATHS = NO;
				CLANG_ANALYZER_NONNULL = YES;
				CLANG_ANALYZER_NUMBER_OBJECT_CONVERSION = YES_AGGRESSIVE;
				CLANG_CXX_LANGUAGE_STANDARD = "gnu++20";
				CLANG_ENABLE_MODULES = YES;
				CLANG_ENABLE_OBJC_ARC = YES;
				CLANG_ENABLE_OBJC_WEAK = YES;
				CLANG_WARN_BLOCK_CAPTURE_AUTORELEASING = YES;
				CLANG_WARN_BOOL_CONVERSION = YES;
				CLANG_WARN_COMMA = YES;
				CLANG_WARN_CONSTANT_CONVERSION = YES;
				CLANG_WARN_DEPRECATED_OBJC_IMPLEMENTATIONS = YES;
				CLANG_WARN_DIRECT_OBJC_ISA_USAGE = YES_ERROR;
				CLANG_WARN_DOCUMENTATION_COMMENTS = YES;
				CLANG_WARN_EMPTY_BODY = YES;
				CLANG_WARN_ENUM_CONVERSION = YES;
				CLANG_WARN_INFINITE_RECURSION = YES;
				CLANG_WARN_INT_CONVERSION = YES;
				CLANG_WARN_NON_LITERAL_NULL_CONVERSION = YES;
				CLANG_WARN_OBJC_IMPLICIT_RETAIN_SELF = YES;
				CLANG_WARN_OBJC_LITERAL_CONVERSION = YES;
				CLANG_WARN_OBJC_ROOT_CLASS = YES_ERROR;
				CLANG_WARN_QUOTED_INCLUDE_IN_FRAMEWORK_HEADER = YES;
				CLANG_WARN_RANGE_LOOP_ANALYSIS = YES;
				CLANG_WARN_STRICT_PROTOTYPES = YES;
				CLANG_WARN_SUSPICIOUS_MOVE = YES;
				CLANG_WARN_UNGUARDED_AVAILABILITY = YES_AGGRESSIVE;
				CLANG_WARN_UNREACHABLE_CODE = YES;
				CLANG_WARN__DUPLICATE_METHOD_MATCH = YES;
				COPY_PHASE_STRIP = NO;
				DEBUG_INFORMATION_FORMAT = dwarf;
				ENABLE_STRICT_OBJC_MSGSEND = YES;
				ENABLE_TESTABILITY = YES;
				GCC_C_LANGUAGE_STANDARD = gnu11;
				GCC_DYNAMIC_NO_PIC = NO;
				GCC_NO_COMMON_BLOCKS = YES;
				GCC_OPTIMIZATION_LEVEL = 0;
				GCC_PREPROCESSOR_DEFINITIONS = (
					"DEBUG=1",
					"$(inherited)",
				);
				GCC_WARN_64_TO_32_BIT_CONVERSION = YES;
				GCC_WARN_ABOUT_RETURN_TYPE = YES_ERROR;
				GCC_WARN_UNDECLARED_SELECTOR = YES;
				GCC_WARN_UNINITIALIZED_AUTOS = YES_AGGRESSIVE;
				GCC_WARN_UNUSED_FUNCTION = YES;
				GCC_WARN_UNUSED_VARIABLE = YES;
				IPHONEOS_DEPLOYMENT_TARGET = 16.2;
				MTL_ENABLE_DEBUG_INFO = INCLUDE_SOURCE;
				MTL_FAST_MATH = YES;
				ONLY_ACTIVE_ARCH = YES;
				SDKROOT = iphoneos;
				SWIFT_ACTIVE_COMPILATION_CONDITIONS = DEBUG;
				SWIFT_OPTIMIZATION_LEVEL = "-Onone";
			};
			name = Debug;
		};
		CE735D84298D423D00EB6360 /* Release */ = {
			isa = XCBuildConfiguration;
			buildSettings = {
				ALWAYS_SEARCH_USER_PATHS = NO;
				CLANG_ANALYZER_NONNULL = YES;
				CLANG_ANALYZER_NUMBER_OBJECT_CONVERSION = YES_AGGRESSIVE;
				CLANG_CXX_LANGUAGE_STANDARD = "gnu++20";
				CLANG_ENABLE_MODULES = YES;
				CLANG_ENABLE_OBJC_ARC = YES;
				CLANG_ENABLE_OBJC_WEAK = YES;
				CLANG_WARN_BLOCK_CAPTURE_AUTORELEASING = YES;
				CLANG_WARN_BOOL_CONVERSION = YES;
				CLANG_WARN_COMMA = YES;
				CLANG_WARN_CONSTANT_CONVERSION = YES;
				CLANG_WARN_DEPRECATED_OBJC_IMPLEMENTATIONS = YES;
				CLANG_WARN_DIRECT_OBJC_ISA_USAGE = YES_ERROR;
				CLANG_WARN_DOCUMENTATION_COMMENTS = YES;
				CLANG_WARN_EMPTY_BODY = YES;
				CLANG_WARN_ENUM_CONVERSION = YES;
				CLANG_WARN_INFINITE_RECURSION = YES;
				CLANG_WARN_INT_CONVERSION = YES;
				CLANG_WARN_NON_LITERAL_NULL_CONVERSION = YES;
				CLANG_WARN_OBJC_IMPLICIT_RETAIN_SELF = YES;
				CLANG_WARN_OBJC_LITERAL_CONVERSION = YES;
				CLANG_WARN_OBJC_ROOT_CLASS = YES_ERROR;
				CLANG_WARN_QUOTED_INCLUDE_IN_FRAMEWORK_HEADER = YES;
				CLANG_WARN_RANGE_LOOP_ANALYSIS = YES;
				CLANG_WARN_STRICT_PROTOTYPES = YES;
				CLANG_WARN_SUSPICIOUS_MOVE = YES;
				CLANG_WARN_UNGUARDED_AVAILABILITY = YES_AGGRESSIVE;
				CLANG_WARN_UNREACHABLE_CODE = YES;
				CLANG_WARN__DUPLICATE_METHOD_MATCH = YES;
				COPY_PHASE_STRIP = NO;
				DEBUG_INFORMATION_FORMAT = "dwarf-with-dsym";
				ENABLE_NS_ASSERTIONS = NO;
				ENABLE_STRICT_OBJC_MSGSEND = YES;
				GCC_C_LANGUAGE_STANDARD = gnu11;
				GCC_NO_COMMON_BLOCKS = YES;
				GCC_WARN_64_TO_32_BIT_CONVERSION = YES;
				GCC_WARN_ABOUT_RETURN_TYPE = YES_ERROR;
				GCC_WARN_UNDECLARED_SELECTOR = YES;
				GCC_WARN_UNINITIALIZED_AUTOS = YES_AGGRESSIVE;
				GCC_WARN_UNUSED_FUNCTION = YES;
				GCC_WARN_UNUSED_VARIABLE = YES;
				IPHONEOS_DEPLOYMENT_TARGET = 16.2;
				MTL_ENABLE_DEBUG_INFO = NO;
				MTL_FAST_MATH = YES;
				SDKROOT = iphoneos;
				SWIFT_COMPILATION_MODE = wholemodule;
				SWIFT_OPTIMIZATION_LEVEL = "-O";
				VALIDATE_PRODUCT = YES;
			};
			name = Release;
		};
		CE735D86298D423D00EB6360 /* Debug */ = {
			isa = XCBuildConfiguration;
			buildSettings = {
				ASSETCATALOG_COMPILER_APPICON_NAME = AppIcon;
				ASSETCATALOG_COMPILER_GLOBAL_ACCENT_COLOR_NAME = AccentColor;
				CODE_SIGN_STYLE = Automatic;
				CURRENT_PROJECT_VERSION = 1;
				DEVELOPMENT_ASSET_PATHS = "\"ChatApp/Preview Content\"";
				DEVELOPMENT_TEAM = P97272425Y;
				ENABLE_PREVIEWS = YES;
				GENERATE_INFOPLIST_FILE = YES;
				INFOPLIST_KEY_UIApplicationSceneManifest_Generation = YES;
				INFOPLIST_KEY_UIApplicationSupportsIndirectInputEvents = YES;
				INFOPLIST_KEY_UILaunchScreen_Generation = YES;
				INFOPLIST_KEY_UISupportedInterfaceOrientations_iPad = "UIInterfaceOrientationPortrait UIInterfaceOrientationPortraitUpsideDown UIInterfaceOrientationLandscapeLeft UIInterfaceOrientationLandscapeRight";
				INFOPLIST_KEY_UISupportedInterfaceOrientations_iPhone = "UIInterfaceOrientationPortrait UIInterfaceOrientationLandscapeLeft UIInterfaceOrientationLandscapeRight";
				LD_RUNPATH_SEARCH_PATHS = (
					"$(inherited)",
					"@executable_path/Frameworks",
				);
				MARKETING_VERSION = 1.0;
				PRODUCT_BUNDLE_IDENTIFIER = com.softrixbd.ChatApp;
				PRODUCT_NAME = "$(TARGET_NAME)";
				SWIFT_EMIT_LOC_STRINGS = YES;
				SWIFT_VERSION = 5.0;
				TARGETED_DEVICE_FAMILY = "1,2";
			};
			name = Debug;
		};
		CE735D87298D423D00EB6360 /* Release */ = {
			isa = XCBuildConfiguration;
			buildSettings = {
				ASSETCATALOG_COMPILER_APPICON_NAME = AppIcon;
				ASSETCATALOG_COMPILER_GLOBAL_ACCENT_COLOR_NAME = AccentColor;
				CODE_SIGN_STYLE = Automatic;
				CURRENT_PROJECT_VERSION = 1;
				DEVELOPMENT_ASSET_PATHS = "\"ChatApp/Preview Content\"";
				DEVELOPMENT_TEAM = P97272425Y;
				ENABLE_PREVIEWS = YES;
				GENERATE_INFOPLIST_FILE = YES;
				INFOPLIST_KEY_UIApplicationSceneManifest_Generation = YES;
				INFOPLIST_KEY_UIApplicationSupportsIndirectInputEvents = YES;
				INFOPLIST_KEY_UILaunchScreen_Generation = YES;
				INFOPLIST_KEY_UISupportedInterfaceOrientations_iPad = "UIInterfaceOrientationPortrait UIInterfaceOrientationPortraitUpsideDown UIInterfaceOrientationLandscapeLeft UIInterfaceOrientationLandscapeRight";
				INFOPLIST_KEY_UISupportedInterfaceOrientations_iPhone = "UIInterfaceOrientationPortrait UIInterfaceOrientationLandscapeLeft UIInterfaceOrientationLandscapeRight";
				LD_RUNPATH_SEARCH_PATHS = (
					"$(inherited)",
					"@executable_path/Frameworks",
				);
				MARKETING_VERSION = 1.0;
				PRODUCT_BUNDLE_IDENTIFIER = com.softrixbd.ChatApp;
				PRODUCT_NAME = "$(TARGET_NAME)";
				SWIFT_EMIT_LOC_STRINGS = YES;
				SWIFT_VERSION = 5.0;
				TARGETED_DEVICE_FAMILY = "1,2";
			};
			name = Release;
		};
/* End XCBuildConfiguration section */

/* Begin XCConfigurationList section */
		CE735D72298D423C00EB6360 /* Build configuration list for PBXProject "ChatApp" */ = {
			isa = XCConfigurationList;
			buildConfigurations = (
				CE735D83298D423D00EB6360 /* Debug */,
				CE735D84298D423D00EB6360 /* Release */,
			);
			defaultConfigurationIsVisible = 0;
			defaultConfigurationName = Release;
		};
		CE735D85298D423D00EB6360 /* Build configuration list for PBXNativeTarget "ChatApp" */ = {
			isa = XCConfigurationList;
			buildConfigurations = (
				CE735D86298D423D00EB6360 /* Debug */,
				CE735D87298D423D00EB6360 /* Release */,
			);
			defaultConfigurationIsVisible = 0;
			defaultConfigurationName = Release;
		};
/* End XCConfigurationList section */

/* Begin XCRemoteSwiftPackageReference section */
		CE735D972991431000EB6360 /* XCRemoteSwiftPackageReference "firebase-ios-sdk" */ = {
			isa = XCRemoteSwiftPackageReference;
			repositoryURL = "https://github.com/firebase/firebase-ios-sdk";
			requirement = {
				kind = upToNextMajorVersion;
				minimumVersion = 9.0.0;
			};
		};
/* End XCRemoteSwiftPackageReference section */

/* Begin XCSwiftPackageProductDependency section */
		CE735D982991431000EB6360 /* FirebaseFirestore */ = {
			isa = XCSwiftPackageProductDependency;
			package = CE735D972991431000EB6360 /* XCRemoteSwiftPackageReference "firebase-ios-sdk" */;
			productName = FirebaseFirestore;
		};
		CE735D9A2991431000EB6360 /* FirebaseFirestoreSwift */ = {
			isa = XCSwiftPackageProductDependency;
			package = CE735D972991431000EB6360 /* XCRemoteSwiftPackageReference "firebase-ios-sdk" */;
			productName = FirebaseFirestoreSwift;
		};
/* End XCSwiftPackageProductDependency section */
	};
	rootObject = CE735D6F298D423C00EB6360 /* Project object */;
}
